// !$*UTF8*$!
{
	archiveVersion = 1;
	classes = {
	};
	objectVersion = 60;
	objects = {

/* Begin PBXBuildFile section */
		AA000000000000000010FFFF /* Assets.xcassets in Resources */ = {isa = PBXBuildFile; fileRef = AA00000000000000000FFFFF /* Assets.xcassets */; };
		AA000000000000000012FFFF /* RepTrackApp.swift in Sources */ = {isa = PBXBuildFile; fileRef = AA000000000000000011FFFF /* RepTrackApp.swift */; };
		AA000000000000000014FFFF /* ContentView.swift in Sources */ = {isa = PBXBuildFile; fileRef = AA000000000000000013FFFF /* ContentView.swift */; };
		AA000000000000000016FFFF /* Models.swift in Sources */ = {isa = PBXBuildFile; fileRef = AA000000000000000015FFFF /* Models.swift */; };
		AA000000000000000018FFFF /* DataStore.swift in Sources */ = {isa = PBXBuildFile; fileRef = AA000000000000000017FFFF /* DataStore.swift */; };
		AA00000000000000001AFFFF /* LogView.swift in Sources */ = {isa = PBXBuildFile; fileRef = AA000000000000000019FFFF /* LogView.swift */; };
		AA00000000000000001CFFFF /* StatsView.swift in Sources */ = {isa = PBXBuildFile; fileRef = AA00000000000000001BFFFF /* StatsView.swift */; };
		AA00000000000000001EFFFF /* AddSessionView.swift in Sources */ = {isa = PBXBuildFile; fileRef = AA00000000000000001DFFFF /* AddSessionView.swift */; };
		AA000000000000000020FFFF /* ManageLevelsView.swift in Sources */ = {isa = PBXBuildFile; fileRef = AA00000000000000001FFFFF /* ManageLevelsView.swift */; };
		AA000000000000000022FFFF /* Helpers.swift in Sources */ = {isa = PBXBuildFile; fileRef = AA000000000000000021FFFF /* Helpers.swift */; };
		AA000000000000000024FFFF /* DataSettingsView.swift in Sources */ = {isa = PBXBuildFile; fileRef = AA000000000000000023FFFF /* DataSettingsView.swift */; };
/* End PBXBuildFile section */

/* Begin PBXFileReference section */
		AA00000000000000000EFFFF /* RepTrack.app */ = {isa = PBXFileReference; explicitFileType = wrapper.application; includeInIndex = 0; path = RepTrack.app; sourceTree = BUILT_PRODUCTS_DIR; };
		AA00000000000000000FFFFF /* Assets.xcassets */ = {isa = PBXFileReference; lastKnownFileType = folder.assetcatalog; path = Assets.xcassets; sourceTree = "<group>"; };
		AA000000000000000011FFFF /* RepTrackApp.swift */ = {isa = PBXFileReference; lastKnownFileType = sourcecode.swift; path = RepTrackApp.swift; sourceTree = "<group>"; };
		AA000000000000000013FFFF /* ContentView.swift */ = {isa = PBXFileReference; lastKnownFileType = sourcecode.swift; path = ContentView.swift; sourceTree = "<group>"; };
		AA000000000000000015FFFF /* Models.swift */ = {isa = PBXFileReference; lastKnownFileType = sourcecode.swift; path = Models.swift; sourceTree = "<group>"; };
		AA000000000000000017FFFF /* DataStore.swift */ = {isa = PBXFileReference; lastKnownFileType = sourcecode.swift; path = DataStore.swift; sourceTree = "<group>"; };
		AA000000000000000019FFFF /* LogView.swift */ = {isa = PBXFileReference; lastKnownFileType = sourcecode.swift; path = LogView.swift; sourceTree = "<group>"; };
		AA00000000000000001BFFFF /* StatsView.swift */ = {isa = PBXFileReference; lastKnownFileType = sourcecode.swift; path = StatsView.swift; sourceTree = "<group>"; };
		AA00000000000000001DFFFF /* AddSessionView.swift */ = {isa = PBXFileReference; lastKnownFileType = sourcecode.swift; path = AddSessionView.swift; sourceTree = "<group>"; };
		AA00000000000000001FFFFF /* ManageLevelsView.swift */ = {isa = PBXFileReference; lastKnownFileType = sourcecode.swift; path = ManageLevelsView.swift; sourceTree = "<group>"; };
		AA000000000000000021FFFF /* Helpers.swift */ = {isa = PBXFileReference; lastKnownFileType = sourcecode.swift; path = Helpers.swift; sourceTree = "<group>"; };
		AA000000000000000023FFFF /* DataSettingsView.swift */ = {isa = PBXFileReference; lastKnownFileType = sourcecode.swift; path = DataSettingsView.swift; sourceTree = "<group>"; };
/* End PBXFileReference section */

/* Begin PBXFrameworksBuildPhase section */
		AA000000000000000009FFFF /* Frameworks */ = {
			isa = PBXFrameworksBuildPhase;
			buildActionMask = 2147483647;
			files = (
			);
			runOnlyForDeploymentPostprocessing = 0;
		};
/* End PBXFrameworksBuildPhase section */

/* Begin PBXGroup section */
		AA00000000000000000BFFFF = {
			isa = PBXGroup;
			children = (
				AA00000000000000000CFFFF /* RepTrack */,
				AA00000000000000000DFFFF /* Products */,
			);
			sourceTree = "<group>";
		};
		AA00000000000000000CFFFF /* RepTrack */ = {
			isa = PBXGroup;
			children = (
				AA000000000000000011FFFF /* RepTrackApp.swift */,
				AA000000000000000013FFFF /* ContentView.swift */,
				AA000000000000000015FFFF /* Models.swift */,
				AA000000000000000017FFFF /* DataStore.swift */,
				AA000000000000000019FFFF /* LogView.swift */,
				AA00000000000000001BFFFF /* StatsView.swift */,
				AA00000000000000001DFFFF /* AddSessionView.swift */,
				AA00000000000000001FFFFF /* ManageLevelsView.swift */,
				AA000000000000000021FFFF /* Helpers.swift */,
				AA000000000000000023FFFF /* DataSettingsView.swift */,
				AA00000000000000000FFFFF /* Assets.xcassets */,
			);
			path = RepTrack;
			sourceTree = "<group>";
		};
		AA00000000000000000DFFFF /* Products */ = {
			isa = PBXGroup;
			children = (
				AA00000000000000000EFFFF /* RepTrack.app */,
			);
			name = Products;
			sourceTree = "<group>";
		};
/* End PBXGroup section */

/* Begin PBXNativeTarget section */
		AA000000000000000001FFFF /* RepTrack */ = {
			isa = PBXNativeTarget;
			buildConfigurationList = AA000000000000000003FFFF /* Build configuration list for PBXNativeTarget "RepTrack" */;
			buildPhases = (
				AA000000000000000008FFFF /* Sources */,
				AA000000000000000009FFFF /* Frameworks */,
				AA00000000000000000AFFFF /* Resources */,
			);
			buildRules = (
			);
			dependencies = (
			);
			name = RepTrack;
			productName = RepTrack;
			productReference = AA00000000000000000EFFFF /* RepTrack.app */;
			productType = "com.apple.product-type.application";
		};
/* End PBXNativeTarget section */

/* Begin PBXProject section */
		AA000000000000000000FFFF /* Project object */ = {
			isa = PBXProject;
			attributes = {
				BuildIndependentTargetsInParallel = 1;
				LastSwiftUpdateCheck = 1500;
				LastUpgradeCheck = 1500;
				TargetAttributes = {
					AA000000000000000001FFFF = {
						CreatedOnToolsVersion = 15.0;
					};
				};
			};
			buildConfigurationList = AA000000000000000002FFFF /* Build configuration list for PBXProject "RepTrack" */;
			compatibilityVersion = "Xcode 14.0";
			developmentRegion = en;
			hasScannedForEncodings = 0;
			knownRegions = (
				en,
				Base,
			);
			mainGroup = AA00000000000000000BFFFF;
			productRefGroup = AA00000000000000000DFFFF /* Products */;
			projectDirPath = "";
			projectRoot = "";
			targets = (
				AA000000000000000001FFFF /* RepTrack */,
			);
		};
/* End PBXProject section */

/* Begin PBXResourcesBuildPhase section */
		AA00000000000000000AFFFF /* Resources */ = {
			isa = PBXResourcesBuildPhase;
			buildActionMask = 2147483647;
			files = (
				AA000000000000000010FFFF /* Assets.xcassets in Resources */,
			);
			runOnlyForDeploymentPostprocessing = 0;
		};
/* End PBXResourcesBuildPhase section */

/* Begin PBXSourcesBuildPhase section */
		AA000000000000000008FFFF /* Sources */ = {
			isa = PBXSourcesBuildPhase;
			buildActionMask = 2147483647;
			files = (
				AA000000000000000012FFFF /* RepTrackApp.swift in Sources */,
				AA000000000000000014FFFF /* ContentView.swift in Sources */,
				AA000000000000000016FFFF /* Models.swift in Sources */,
				AA000000000000000018FFFF /* DataStore.swift in Sources */,
				AA00000000000000001AFFFF /* LogView.swift in Sources */,
				AA00000000000000001CFFFF /* StatsView.swift in Sources */,
				AA00000000000000001EFFFF /* AddSessionView.swift in Sources */,
				AA000000000000000020FFFF /* ManageLevelsView.swift in Sources */,
				AA000000000000000022FFFF /* Helpers.swift in Sources */,
				AA000000000000000024FFFF /* DataSettingsView.swift in Sources */,
			);
			runOnlyForDeploymentPostprocessing = 0;
		};
/* End PBXSourcesBuildPhase section */

/* Begin XCBuildConfiguration section */
		AA000000000000000004FFFF /* Debug */ = {
			isa = XCBuildConfiguration;
			buildSettings = {
				ALWAYS_SEARCH_USER_PATHS = NO;
				CLANG_ANALYZER_NONNULL = YES;
				CLANG_ANALYZER_NUMBER_OBJECT_CONVERSION = YES_AGGRESSIVE;
				CLANG_CXX_LANGUAGE_STANDARD = "gnu++20";
				CLANG_ENABLE_MODULES = YES;
				CLANG_ENABLE_OBJC_ARC = YES;
				CLANG_ENABLE_OBJC_WEAK = YES;
				CLANG_WARN_BLOCK_CAPTURE_AUTORELEASING = YES;
				CLANG_WARN_BOOL_CONVERSION = YES;
				CLANG_WARN_COMMA = YES;
				CLANG_WARN_CONSTANT_CONVERSION = YES;
				CLANG_WARN_DEPRECATED_OBJC_IMPLEMENTATIONS = YES;
				CLANG_WARN_DIRECT_OBJC_ISA_USAGE = YES_ERROR;
				CLANG_WARN_DOCUMENTATION_COMMENTS = YES;
				CLANG_WARN_EMPTY_BODY = YES;
				CLANG_WARN_ENUM_CONVERSION = YES;
				CLANG_WARN_INFINITE_RECURSION = YES;
				CLANG_WARN_INT_CONVERSION = YES;
				CLANG_WARN_NON_LITERAL_NULL_CONVERSION = YES;
				CLANG_WARN_OBJC_IMPLICIT_RETAIN_SELF = YES;
				CLANG_WARN_OBJC_LITERAL_CONVERSION = YES;
				CLANG_WARN_OBJC_ROOT_CLASS = YES_ERROR;
				CLANG_WARN_QUOTED_INCLUDE_IN_FRAMEWORK_HEADER = YES;
				CLANG_WARN_RANGE_LOOP_ANALYSIS = YES;
				CLANG_WARN_STRICT_PROTOTYPES = YES;
				CLANG_WARN_SUSPICIOUS_MOVE = YES;
				CLANG_WARN_UNGUARDED_AVAILABILITY = YES_AGGRESSIVE;
				CLANG_WARN_UNREACHABLE_CODE = YES;
				CLANG_WARN__DUPLICATE_METHOD_MATCH = YES;
				COPY_PHASE_STRIP = NO;
				DEBUG_INFORMATION_FORMAT = dwarf;
				ENABLE_STRICT_OBJC_MSGSEND = YES;
				ENABLE_TESTABILITY = YES;
				ENABLE_USER_SCRIPT_SANDBOXING = NO;
				GCC_C_LANGUAGE_STANDARD = gnu17;
				GCC_DYNAMIC_NO_PIC = NO;
				GCC_NO_COMMON_BLOCKS = YES;
				GCC_OPTIMIZATION_LEVEL = 0;
				GCC_PREPROCESSOR_DEFINITIONS = (
					"DEBUG=1",
					"$(inherited)",
				);
				GCC_WARN_64_TO_32_BIT_CONVERSION = YES;
				GCC_WARN_ABOUT_RETURN_TYPE = YES_ERROR;
				GCC_WARN_UNDECLARED_SELECTOR = YES;
				GCC_WARN_UNINITIALIZED_AUTOS = YES_AGGRESSIVE;
				GCC_WARN_UNUSED_FUNCTION = YES;
				GCC_WARN_UNUSED_VARIABLE = YES;
				MACOSX_DEPLOYMENT_TARGET = 14.0;
				MTL_ENABLE_DEBUG_INFO = INCLUDE_SOURCE;
				MTL_FAST_MATH = YES;
				ONLY_ACTIVE_ARCH = YES;
				SDKROOT = macosx;
				SWIFT_ACTIVE_COMPILATION_CONDITIONS = DEBUG;
				SWIFT_OPTIMIZATION_LEVEL = "-Onone";
			};
			name = Debug;
		};
		AA000000000000000005FFFF /* Release */ = {
			isa = XCBuildConfiguration;
			buildSettings = {
				ALWAYS_SEARCH_USER_PATHS = NO;
				CLANG_ANALYZER_NONNULL = YES;
				CLANG_ANALYZER_NUMBER_OBJECT_CONVERSION = YES_AGGRESSIVE;
				CLANG_CXX_LANGUAGE_STANDARD = "gnu++20";
				CLANG_ENABLE_MODULES = YES;
				CLANG_ENABLE_OBJC_ARC = YES;
				CLANG_ENABLE_OBJC_WEAK = YES;
				CLANG_WARN_BLOCK_CAPTURE_AUTORELEASING = YES;
				CLANG_WARN_BOOL_CONVERSION = YES;
				CLANG_WARN_COMMA = YES;
				CLANG_WARN_CONSTANT_CONVERSION = YES;
				CLANG_WARN_DEPRECATED_OBJC_IMPLEMENTATIONS = YES;
				CLANG_WARN_DIRECT_OBJC_ISA_USAGE = YES_ERROR;
				CLANG_WARN_DOCUMENTATION_COMMENTS = YES;
				CLANG_WARN_EMPTY_BODY = YES;
				CLANG_WARN_ENUM_CONVERSION = YES;
				CLANG_WARN_INFINITE_RECURSION = YES;
				CLANG_WARN_INT_CONVERSION = YES;
				CLANG_WARN_NON_LITERAL_NULL_CONVERSION = YES;
				CLANG_WARN_OBJC_IMPLICIT_RETAIN_SELF = YES;
				CLANG_WARN_OBJC_LITERAL_CONVERSION = YES;
				CLANG_WARN_OBJC_ROOT_CLASS = YES_ERROR;
				CLANG_WARN_QUOTED_INCLUDE_IN_FRAMEWORK_HEADER = YES;
				CLANG_WARN_RANGE_LOOP_ANALYSIS = YES;
				CLANG_WARN_STRICT_PROTOTYPES = YES;
				CLANG_WARN_SUSPICIOUS_MOVE = YES;
				CLANG_WARN_UNGUARDED_AVAILABILITY = YES_AGGRESSIVE;
				CLANG_WARN_UNREACHABLE_CODE = YES;
				CLANG_WARN__DUPLICATE_METHOD_MATCH = YES;
				COPY_PHASE_STRIP = NO;
				DEBUG_INFORMATION_FORMAT = "dwarf-with-dsym";
				ENABLE_NS_ASSERTIONS = NO;
				ENABLE_STRICT_OBJC_MSGSEND = YES;
				ENABLE_USER_SCRIPT_SANDBOXING = NO;
				GCC_C_LANGUAGE_STANDARD = gnu17;
				GCC_NO_COMMON_BLOCKS = YES;
				GCC_WARN_64_TO_32_BIT_CONVERSION = YES;
				GCC_WARN_ABOUT_RETURN_TYPE = YES_ERROR;
				GCC_WARN_UNDECLARED_SELECTOR = YES;
				GCC_WARN_UNINITIALIZED_AUTOS = YES_AGGRESSIVE;
				GCC_WARN_UNUSED_FUNCTION = YES;
				GCC_WARN_UNUSED_VARIABLE = YES;
				MACOSX_DEPLOYMENT_TARGET = 14.0;
				MTL_ENABLE_DEBUG_INFO = NO;
				MTL_FAST_MATH = YES;
				SDKROOT = macosx;
				SWIFT_COMPILATION_MODE = wholemodule;
				SWIFT_OPTIMIZATION_LEVEL = "-O";
			};
			name = Release;
		};
		AA000000000000000006FFFF /* Debug */ = {
			isa = XCBuildConfiguration;
			buildSettings = {
				ASSETCATALOG_COMPILER_APPICON_NAME = AppIcon;
				ASSETCATALOG_COMPILER_GLOBAL_ACCENT_COLOR_NAME = AccentColor;
				CODE_SIGN_STYLE = Automatic;
				COMBINE_HIDPI_IMAGES = YES;
				CURRENT_PROJECT_VERSION = 1;
				ENABLE_PREVIEWS = YES;
				GENERATE_INFOPLIST_FILE = YES;
				INFOPLIST_KEY_CFBundleDisplayName = BananaTrack;
				INFOPLIST_KEY_NSHumanReadableDescription = "English course review tracker";
				INFOPLIST_KEY_NSPrincipalClass = NSApplication;
				LD_RUNPATH_SEARCH_PATHS = (
					"$(inherited)",
					"@executable_path/../Frameworks",
				);
				MARKETING_VERSION = 1.0;
				PRODUCT_BUNDLE_IDENTIFIER = com.bananatrack.BananaTrack;
				PRODUCT_NAME = BananaTrack;
				SWIFT_EMIT_LOC_STRINGS = YES;
				SWIFT_VERSION = 5.9;
			};
			name = Debug;
		};
		AA000000000000000007FFFF /* Release */ = {
			isa = XCBuildConfiguration;
			buildSettings = {
				ASSETCATALOG_COMPILER_APPICON_NAME = AppIcon;
				ASSETCATALOG_COMPILER_GLOBAL_ACCENT_COLOR_NAME = AccentColor;
				CODE_SIGN_STYLE = Automatic;
				COMBINE_HIDPI_IMAGES = YES;
				CURRENT_PROJECT_VERSION = 1;
				ENABLE_PREVIEWS = YES;
				GENERATE_INFOPLIST_FILE = YES;
				INFOPLIST_KEY_CFBundleDisplayName = BananaTrack;
				INFOPLIST_KEY_NSHumanReadableDescription = "English course review tracker";
				INFOPLIST_KEY_NSPrincipalClass = NSApplication;
				LD_RUNPATH_SEARCH_PATHS = (
					"$(inherited)",
					"@executable_path/../Frameworks",
				);
				MARKETING_VERSION = 1.0;
				PRODUCT_BUNDLE_IDENTIFIER = com.bananatrack.BananaTrack;
				PRODUCT_NAME = BananaTrack;
				SWIFT_EMIT_LOC_STRINGS = YES;
				SWIFT_VERSION = 5.9;
			};
			name = Release;
		};
/* End XCBuildConfiguration section */

/* Begin XCConfigurationList section */
		AA000000000000000002FFFF /* Build configuration list for PBXProject "RepTrack" */ = {
			isa = XCConfigurationList;
			buildConfigurations = (
				AA000000000000000004FFFF /* Debug */,
				AA000000000000000005FFFF /* Release */,
			);
			defaultConfigurationIsVisible = 0;
			defaultConfigurationName = Release;
		};
		AA000000000000000003FFFF /* Build configuration list for PBXNativeTarget "RepTrack" */ = {
			isa = XCConfigurationList;
			buildConfigurations = (
				AA000000000000000006FFFF /* Debug */,
				AA000000000000000007FFFF /* Release */,
			);
			defaultConfigurationIsVisible = 0;
			defaultConfigurationName = Release;
		};
/* End XCConfigurationList section */
	};
	rootObject = AA000000000000000000FFFF /* Project object */;
}
